
Microsoft Visual Studio Solution File, Format Version 12.00
# Visual Studio Version 17
VisualStudioVersion = 17.11.35312.102
MinimumVisualStudioVersion = 10.0.40219.1
Project("{9A19103F-16F7-4668-BE54-9A1E7A4F7556}") = "konsola", "konsola\konsola.csproj", "{A6013282-EECD-4D39-A467-EFFD94BAD8BA}"
EndProject
Project("{9A19103F-16F7-4668-BE54-9A1E7A4F7556}") = "BubbleSortArrayTests", "BubbleSortArrayTests\BubbleSortArrayTests\BubbleSortArrayTests.csproj", "{362B0316-2BE3-479E-AA55-6825C2364AEB}"
EndProject
Global
	GlobalSection(SolutionConfigurationPlatforms) = preSolution
		Debug|Any CPU = Debug|Any CPU
		Release|Any CPU = Release|Any CPU
	EndGlobalSection
	GlobalSection(ProjectConfigurationPlatforms) = postSolution
		{A6013282-EECD-4D39-A467-EFFD94BAD8BA}.Debug|Any CPU.ActiveCfg = Debug|Any CPU
		{A6013282-EECD-4D39-A467-EFFD94BAD8BA}.Debug|Any CPU.Build.0 = Debug|Any CPU
		{A6013282-EECD-4D39-A467-EFFD94BAD8BA}.Release|Any CPU.ActiveCfg = Release|Any CPU
		{A6013282-EECD-4D39-A467-EFFD94BAD8BA}.Release|Any CPU.Build.0 = Release|Any CPU
		{362B0316-2BE3-479E-AA55-6825C2364AEB}.Debug|Any CPU.ActiveCfg = Debug|Any CPU
		{362B0316-2BE3-479E-AA55-6825C2364AEB}.Debug|Any CPU.Build.0 = Debug|Any CPU
		{362B0316-2BE3-479E-AA55-6825C2364AEB}.Release|Any CPU.ActiveCfg = Release|Any CPU
		{362B0316-2BE3-479E-AA55-6825C2364AEB}.Release|Any CPU.Build.0 = Release|Any CPU
	EndGlobalSection
	GlobalSection(SolutionProperties) = preSolution
		HideSolutionNode = FALSE
	EndGlobalSection
	GlobalSection(ExtensibilityGlobals) = postSolution
		SolutionGuid = {415380F2-1065-4645-B546-DC02C42A72D6}
	EndGlobalSection
EndGlobal
