
Microsoft Visual Studio Solution File, Format Version 12.00
# Visual Studio Version 17
VisualStudioVersion = 17.11.35327.3
MinimumVisualStudioVersion = 10.0.40219.1
Project("{FAE04EC0-301F-11D3-BF4B-00C04F79EFBC}") = "BubbleSortArrayTests", "BubbleSortArrayTests\BubbleSortArrayTests.csproj", "{5010C1F8-B51B-4772-8991-D18168D939A5}"
EndProject
Global
	GlobalSection(SolutionConfigurationPlatforms) = preSolution
		Debug|Any CPU = Debug|Any CPU
		Release|Any CPU = Release|Any CPU
	EndGlobalSection
	GlobalSection(ProjectConfigurationPlatforms) = postSolution
		{5010C1F8-B51B-4772-8991-D18168D939A5}.Debug|Any CPU.ActiveCfg = Debug|Any CPU
		{5010C1F8-B51B-4772-8991-D18168D939A5}.Debug|Any CPU.Build.0 = Debug|Any CPU
		{5010C1F8-B51B-4772-8991-D18168D939A5}.Release|Any CPU.ActiveCfg = Release|Any CPU
		{5010C1F8-B51B-4772-8991-D18168D939A5}.Release|Any CPU.Build.0 = Release|Any CPU
	EndGlobalSection
	GlobalSection(SolutionProperties) = preSolution
		HideSolutionNode = FALSE
	EndGlobalSection
	GlobalSection(ExtensibilityGlobals) = postSolution
		SolutionGuid = {0BD31FBD-1CE6-46CA-81D7-C328D7BC385A}
	EndGlobalSection
EndGlobal
